
Microsoft Visual Studio Solution File, Format Version 12.00
# Visual Studio Version 17
VisualStudioVersion = 17.0.31717.71
MinimumVisualStudioVersion = 15.0.26124.0
Project("{2150E333-8FDC-42A3-9474-1A3956D46DE8}") = "Solution Items", "Solution Items", "{29C81B48-7ADA-4C89-B454-45B623039C09}"
	ProjectSection(SolutionItems) = preProject
		..\.editorconfig = ..\.editorconfig
	EndProjectSection
EndProject
Project("{9A19103F-16F7-4668-BE54-9A1E7A4F7556}") = "WebApplication3", "WebApplication3\WebApplication3.csproj", "{830CBB20-2E98-4463-9762-74459423E531}"
EndProject
Project("{9A19103F-16F7-4668-BE54-9A1E7A4F7556}") = "WebApplication3.Tests", "WebApplication3.Tests\WebApplication3.Tests.csproj", "{ED9B21AF-D1B7-4491-9BDC-F07ACEF2017A}"
EndProject
Global
	GlobalSection(SolutionConfigurationPlatforms) = preSolution
		Debug|Any CPU = Debug|Any CPU
		Debug|x64 = Debug|x64
		Debug|x86 = Debug|x86
		Release|Any CPU = Release|Any CPU
		Release|x64 = Release|x64
		Release|x86 = Release|x86
	EndGlobalSection
	GlobalSection(ProjectConfigurationPlatforms) = postSolution
		{830CBB20-2E98-4463-9762-74459423E531}.Debug|Any CPU.ActiveCfg = Debug|Any CPU
		{830CBB20-2E98-4463-9762-74459423E531}.Debug|Any CPU.Build.0 = Debug|Any CPU
		{830CBB20-2E98-4463-9762-74459423E531}.Debug|x64.ActiveCfg = Debug|Any CPU
		{830CBB20-2E98-4463-9762-74459423E531}.Debug|x64.Build.0 = Debug|Any CPU
		{830CBB20-2E98-4463-9762-74459423E531}.Debug|x86.ActiveCfg = Debug|Any CPU
		{830CBB20-2E98-4463-9762-74459423E531}.Debug|x86.Build.0 = Debug|Any CPU
		{830CBB20-2E98-4463-9762-74459423E531}.Release|Any CPU.ActiveCfg = Release|Any CPU
		{830CBB20-2E98-4463-9762-74459423E531}.Release|Any CPU.Build.0 = Release|Any CPU
		{830CBB20-2E98-4463-9762-74459423E531}.Release|x64.ActiveCfg = Release|Any CPU
		{830CBB20-2E98-4463-9762-74459423E531}.Release|x64.Build.0 = Release|Any CPU
		{830CBB20-2E98-4463-9762-74459423E531}.Release|x86.ActiveCfg = Release|Any CPU
		{830CBB20-2E98-4463-9762-74459423E531}.Release|x86.Build.0 = Release|Any CPU
		{ED9B21AF-D1B7-4491-9BDC-F07ACEF2017A}.Debug|Any CPU.ActiveCfg = Debug|Any CPU
		{ED9B21AF-D1B7-4491-9BDC-F07ACEF2017A}.Debug|Any CPU.Build.0 = Debug|Any CPU
		{ED9B21AF-D1B7-4491-9BDC-F07ACEF2017A}.Debug|x64.ActiveCfg = Debug|Any CPU
		{ED9B21AF-D1B7-4491-9BDC-F07ACEF2017A}.Debug|x64.Build.0 = Debug|Any CPU
		{ED9B21AF-D1B7-4491-9BDC-F07ACEF2017A}.Debug|x86.ActiveCfg = Debug|Any CPU
		{ED9B21AF-D1B7-4491-9BDC-F07ACEF2017A}.Debug|x86.Build.0 = Debug|Any CPU
		{ED9B21AF-D1B7-4491-9BDC-F07ACEF2017A}.Release|Any CPU.ActiveCfg = Release|Any CPU
		{ED9B21AF-D1B7-4491-9BDC-F07ACEF2017A}.Release|Any CPU.Build.0 = Release|Any CPU
		{ED9B21AF-D1B7-4491-9BDC-F07ACEF2017A}.Release|x64.ActiveCfg = Release|Any CPU
		{ED9B21AF-D1B7-4491-9BDC-F07ACEF2017A}.Release|x64.Build.0 = Release|Any CPU
		{ED9B21AF-D1B7-4491-9BDC-F07ACEF2017A}.Release|x86.ActiveCfg = Release|Any CPU
		{ED9B21AF-D1B7-4491-9BDC-F07ACEF2017A}.Release|x86.Build.0 = Release|Any CPU
	EndGlobalSection
	GlobalSection(SolutionProperties) = preSolution
		HideSolutionNode = FALSE
	EndGlobalSection
	GlobalSection(ExtensibilityGlobals) = postSolution
		SolutionGuid = {EBF86A4A-E639-4F62-AAEE-EAD045707B45}
	EndGlobalSection
EndGlobal
